{
    "_readme": [
        "This file locks the dependencies of your project to a known state",
        "Read more about it at https://getcomposer.org/doc/01-basic-usage.md#installing-dependencies",
        "This file is @generated automatically"
    ],
    "content-hash": "ca49de4c46140d9db941d1c96c7a459f",
    "packages": [
        {
            "name": "allokotos/lw2",
            "version": "dev-main",
            "source": {
                "type": "git",
                "url": "https://github.com/Allokotos/LW2.git",
                "reference": "90157798f71300688399197fdaa04d0a6d0609f6"
            },
            "dist": {
                "type": "zip",
                "url": "https://api.github.com/repos/Allokotos/LW2/zipball/90157798f71300688399197fdaa04d0a6d0609f6",
                "reference": "90157798f71300688399197fdaa04d0a6d0609f6",
                "shasum": ""
            },
            "require-dev": {
                "phpstan/phpstan": "^1.9"
            },
            "default-branch": true,
            "type": "project",
            "autoload": {
                "psr-4": {
                    "Allokotos\\Lw3\\": "src/"
                }
            },
            "authors": [
                {
                    "name": "Alex M.",
                    "email": "tauren12rus@gmail.com"
                }
            ],
            "support": {
                "source": "https://github.com/Allokotos/LW2/tree/main",
                "issues": "https://github.com/Allokotos/LW2/issues"
            },
            "time": "2022-12-23T13:59:14+00:00"
        }
    ],
    "packages-dev": [],
    "aliases": [],
    "minimum-stability": "stable",
    "stability-flags": {
        "allokotos/lw2": 20
    },
    "prefer-stable": false,
    "prefer-lowest": false,
    "platform": [],
    "platform-dev": [],
    "plugin-api-version": "2.3.0"
}
